// !$*UTF8*$!
{
	archiveVersion = 1;
	classes = {
	};
	objectVersion = 77;
	objects = {

/* Begin PBXBuildFile section */
		A4FB33F22E50F39000952D06 /* SQLite in Frameworks */ = {isa = PBXBuildFile; productRef = A4FB33F12E50F39000952D06 /* SQLite */; };
/* End PBXBuildFile section */

/* Begin PBXContainerItemProxy section */
		A4FB339A2E50F1F000952D06 /* PBXContainerItemProxy */ = {
			isa = PBXContainerItemProxy;
			containerPortal = A4FB33832E50F1EF00952D06 /* Project object */;
			proxyType = 1;
			remoteGlobalIDString = A4FB338A2E50F1EF00952D06;
			remoteInfo = Abonementus;
		};
		A4FB33A42E50F1F000952D06 /* PBXContainerItemProxy */ = {
			isa = PBXContainerItemProxy;
			containerPortal = A4FB33832E50F1EF00952D06 /* Project object */;
			proxyType = 1;
			remoteGlobalIDString = A4FB338A2E50F1EF00952D06;
			remoteInfo = Abonementus;
		};
/* End PBXContainerItemProxy section */

/* Begin PBXFileReference section */
		A4FB338B2E50F1EF00952D06 /* Abonementus.app */ = {isa = PBXFileReference; explicitFileType = wrapper.application; includeInIndex = 0; path = Abonementus.app; sourceTree = BUILT_PRODUCTS_DIR; };
		A4FB33992E50F1F000952D06 /* AbonementusTests.xctest */ = {isa = PBXFileReference; explicitFileType = wrapper.cfbundle; includeInIndex = 0; path = AbonementusTests.xctest; sourceTree = BUILT_PRODUCTS_DIR; };
		A4FB33A32E50F1F000952D06 /* AbonementusUITests.xctest */ = {isa = PBXFileReference; explicitFileType = wrapper.cfbundle; includeInIndex = 0; path = AbonementusUITests.xctest; sourceTree = BUILT_PRODUCTS_DIR; };
/* End PBXFileReference section */

/* Begin PBXFileSystemSynchronizedRootGroup section */
		A4FB338D2E50F1EF00952D06 /* Abonementus */ = {
			isa = PBXFileSystemSynchronizedRootGroup;
			path = Abonementus;
			sourceTree = "<group>";
		};
		A4FB339C2E50F1F000952D06 /* AbonementusTests */ = {
			isa = PBXFileSystemSynchronizedRootGroup;
			path = AbonementusTests;
			sourceTree = "<group>";
		};
		A4FB33A62E50F1F000952D06 /* AbonementusUITests */ = {
			isa = PBXFileSystemSynchronizedRootGroup;
			path = AbonementusUITests;
			sourceTree = "<group>";
		};
/* End PBXFileSystemSynchronizedRootGroup section */

/* Begin PBXFrameworksBuildPhase section */
		A4FB33882E50F1EF00952D06 /* Frameworks */ = {
			isa = PBXFrameworksBuildPhase;
			buildActionMask = 2147483647;
			files = (
				A4FB33F22E50F39000952D06 /* SQLite in Frameworks */,
			);
			runOnlyForDeploymentPostprocessing = 0;
		};
		A4FB33962E50F1F000952D06 /* Frameworks */ = {
			isa = PBXFrameworksBuildPhase;
			buildActionMask = 2147483647;
			files = (
			);
			runOnlyForDeploymentPostprocessing = 0;
		};
		A4FB33A02E50F1F000952D06 /* Frameworks */ = {
			isa = PBXFrameworksBuildPhase;
			buildActionMask = 2147483647;
			files = (
			);
			runOnlyForDeploymentPostprocessing = 0;
		};
/* End PBXFrameworksBuildPhase section */

/* Begin PBXGroup section */
		A4FB33822E50F1EF00952D06 = {
			isa = PBXGroup;
			children = (
				A4FB338D2E50F1EF00952D06 /* Abonementus */,
				A4FB339C2E50F1F000952D06 /* AbonementusTests */,
				A4FB33A62E50F1F000952D06 /* AbonementusUITests */,
				A4FB338C2E50F1EF00952D06 /* Products */,
			);
			sourceTree = "<group>";
		};
		A4FB338C2E50F1EF00952D06 /* Products */ = {
			isa = PBXGroup;
			children = (
				A4FB338B2E50F1EF00952D06 /* Abonementus.app */,
				A4FB33992E50F1F000952D06 /* AbonementusTests.xctest */,
				A4FB33A32E50F1F000952D06 /* AbonementusUITests.xctest */,
			);
			name = Products;
			sourceTree = "<group>";
		};
/* End PBXGroup section */

/* Begin PBXNativeTarget section */
		A4FB338A2E50F1EF00952D06 /* Abonementus */ = {
			isa = PBXNativeTarget;
			buildConfigurationList = A4FB33AD2E50F1F000952D06 /* Build configuration list for PBXNativeTarget "Abonementus" */;
			buildPhases = (
				A4FB33872E50F1EF00952D06 /* Sources */,
				A4FB33882E50F1EF00952D06 /* Frameworks */,
				A4FB33892E50F1EF00952D06 /* Resources */,
			);
			buildRules = (
			);
			dependencies = (
			);
			fileSystemSynchronizedGroups = (
				A4FB338D2E50F1EF00952D06 /* Abonementus */,
			);
			name = Abonementus;
			packageProductDependencies = (
				A4FB33F12E50F39000952D06 /* SQLite */,
			);
			productName = Abonementus;
			productReference = A4FB338B2E50F1EF00952D06 /* Abonementus.app */;
			productType = "com.apple.product-type.application";
		};
		A4FB33982E50F1F000952D06 /* AbonementusTests */ = {
			isa = PBXNativeTarget;
			buildConfigurationList = A4FB33B02E50F1F000952D06 /* Build configuration list for PBXNativeTarget "AbonementusTests" */;
			buildPhases = (
				A4FB33952E50F1F000952D06 /* Sources */,
				A4FB33962E50F1F000952D06 /* Frameworks */,
				A4FB33972E50F1F000952D06 /* Resources */,
			);
			buildRules = (
			);
			dependencies = (
				A4FB339B2E50F1F000952D06 /* PBXTargetDependency */,
			);
			fileSystemSynchronizedGroups = (
				A4FB339C2E50F1F000952D06 /* AbonementusTests */,
			);
			name = AbonementusTests;
			packageProductDependencies = (
			);
			productName = AbonementusTests;
			productReference = A4FB33992E50F1F000952D06 /* AbonementusTests.xctest */;
			productType = "com.apple.product-type.bundle.unit-test";
		};
		A4FB33A22E50F1F000952D06 /* AbonementusUITests */ = {
			isa = PBXNativeTarget;
			buildConfigurationList = A4FB33B32E50F1F000952D06 /* Build configuration list for PBXNativeTarget "AbonementusUITests" */;
			buildPhases = (
				A4FB339F2E50F1F000952D06 /* Sources */,
				A4FB33A02E50F1F000952D06 /* Frameworks */,
				A4FB33A12E50F1F000952D06 /* Resources */,
			);
			buildRules = (
			);
			dependencies = (
				A4FB33A52E50F1F000952D06 /* PBXTargetDependency */,
			);
			fileSystemSynchronizedGroups = (
				A4FB33A62E50F1F000952D06 /* AbonementusUITests */,
			);
			name = AbonementusUITests;
			packageProductDependencies = (
			);
			productName = AbonementusUITests;
			productReference = A4FB33A32E50F1F000952D06 /* AbonementusUITests.xctest */;
			productType = "com.apple.product-type.bundle.ui-testing";
		};
/* End PBXNativeTarget section */

/* Begin PBXProject section */
		A4FB33832E50F1EF00952D06 /* Project object */ = {
			isa = PBXProject;
			attributes = {
				BuildIndependentTargetsInParallel = 1;
				LastSwiftUpdateCheck = 1640;
				LastUpgradeCheck = 1640;
				TargetAttributes = {
					A4FB338A2E50F1EF00952D06 = {
						CreatedOnToolsVersion = 16.4;
					};
					A4FB33982E50F1F000952D06 = {
						CreatedOnToolsVersion = 16.4;
						TestTargetID = A4FB338A2E50F1EF00952D06;
					};
					A4FB33A22E50F1F000952D06 = {
						CreatedOnToolsVersion = 16.4;
						TestTargetID = A4FB338A2E50F1EF00952D06;
					};
				};
			};
			buildConfigurationList = A4FB33862E50F1EF00952D06 /* Build configuration list for PBXProject "Abonementus" */;
			developmentRegion = en;
			hasScannedForEncodings = 0;
			knownRegions = (
				en,
				Base,
			);
			mainGroup = A4FB33822E50F1EF00952D06;
			minimizedProjectReferenceProxies = 1;
			packageReferences = (
				A4FB33F02E50F39000952D06 /* XCLocalSwiftPackageReference "../../Downloads/SQLite.swift-0.15.4" */,
			);
			preferredProjectObjectVersion = 77;
			productRefGroup = A4FB338C2E50F1EF00952D06 /* Products */;
			projectDirPath = "";
			projectRoot = "";
			targets = (
				A4FB338A2E50F1EF00952D06 /* Abonementus */,
				A4FB33982E50F1F000952D06 /* AbonementusTests */,
				A4FB33A22E50F1F000952D06 /* AbonementusUITests */,
			);
		};
/* End PBXProject section */

/* Begin PBXResourcesBuildPhase section */
		A4FB33892E50F1EF00952D06 /* Resources */ = {
			isa = PBXResourcesBuildPhase;
			buildActionMask = 2147483647;
			files = (
			);
			runOnlyForDeploymentPostprocessing = 0;
		};
		A4FB33972E50F1F000952D06 /* Resources */ = {
			isa = PBXResourcesBuildPhase;
			buildActionMask = 2147483647;
			files = (
			);
			runOnlyForDeploymentPostprocessing = 0;
		};
		A4FB33A12E50F1F000952D06 /* Resources */ = {
			isa = PBXResourcesBuildPhase;
			buildActionMask = 2147483647;
			files = (
			);
			runOnlyForDeploymentPostprocessing = 0;
		};
/* End PBXResourcesBuildPhase section */

/* Begin PBXSourcesBuildPhase section */
		A4FB33872E50F1EF00952D06 /* Sources */ = {
			isa = PBXSourcesBuildPhase;
			buildActionMask = 2147483647;
			files = (
			);
			runOnlyForDeploymentPostprocessing = 0;
		};
		A4FB33952E50F1F000952D06 /* Sources */ = {
			isa = PBXSourcesBuildPhase;
			buildActionMask = 2147483647;
			files = (
			);
			runOnlyForDeploymentPostprocessing = 0;
		};
		A4FB339F2E50F1F000952D06 /* Sources */ = {
			isa = PBXSourcesBuildPhase;
			buildActionMask = 2147483647;
			files = (
			);
			runOnlyForDeploymentPostprocessing = 0;
		};
/* End PBXSourcesBuildPhase section */

/* Begin PBXTargetDependency section */
		A4FB339B2E50F1F000952D06 /* PBXTargetDependency */ = {
			isa = PBXTargetDependency;
			target = A4FB338A2E50F1EF00952D06 /* Abonementus */;
			targetProxy = A4FB339A2E50F1F000952D06 /* PBXContainerItemProxy */;
		};
		A4FB33A52E50F1F000952D06 /* PBXTargetDependency */ = {
			isa = PBXTargetDependency;
			target = A4FB338A2E50F1EF00952D06 /* Abonementus */;
			targetProxy = A4FB33A42E50F1F000952D06 /* PBXContainerItemProxy */;
		};
/* End PBXTargetDependency section */

/* Begin XCBuildConfiguration section */
		A4FB33AB2E50F1F000952D06 /* Debug */ = {
			isa = XCBuildConfiguration;
			buildSettings = {
				ALWAYS_SEARCH_USER_PATHS = NO;
				ASSETCATALOG_COMPILER_GENERATE_SWIFT_ASSET_SYMBOL_EXTENSIONS = YES;
				CLANG_ANALYZER_NONNULL = YES;
				CLANG_ANALYZER_NUMBER_OBJECT_CONVERSION = YES_AGGRESSIVE;
				CLANG_CXX_LANGUAGE_STANDARD = "gnu++20";
				CLANG_ENABLE_MODULES = YES;
				CLANG_ENABLE_OBJC_ARC = YES;
				CLANG_ENABLE_OBJC_WEAK = YES;
				CLANG_WARN_BLOCK_CAPTURE_AUTORELEASING = YES;
				CLANG_WARN_BOOL_CONVERSION = YES;
				CLANG_WARN_COMMA = YES;
				CLANG_WARN_CONSTANT_CONVERSION = YES;
				CLANG_WARN_DEPRECATED_OBJC_IMPLEMENTATIONS = YES;
				CLANG_WARN_DIRECT_OBJC_ISA_USAGE = YES_ERROR;
				CLANG_WARN_DOCUMENTATION_COMMENTS = YES;
				CLANG_WARN_EMPTY_BODY = YES;
				CLANG_WARN_ENUM_CONVERSION = YES;
				CLANG_WARN_INFINITE_RECURSION = YES;
				CLANG_WARN_INT_CONVERSION = YES;
				CLANG_WARN_NON_LITERAL_NULL_CONVERSION = YES;
				CLANG_WARN_OBJC_IMPLICIT_RETAIN_SELF = YES;
				CLANG_WARN_OBJC_LITERAL_CONVERSION = YES;
				CLANG_WARN_OBJC_ROOT_CLASS = YES_ERROR;
				CLANG_WARN_QUOTED_INCLUDE_IN_FRAMEWORK_HEADER = YES;
				CLANG_WARN_RANGE_LOOP_ANALYSIS = YES;
				CLANG_WARN_STRICT_PROTOTYPES = YES;
				CLANG_WARN_SUSPICIOUS_MOVE = YES;
				CLANG_WARN_UNGUARDED_AVAILABILITY = YES_AGGRESSIVE;
				CLANG_WARN_UNREACHABLE_CODE = YES;
				CLANG_WARN__DUPLICATE_METHOD_MATCH = YES;
				COPY_PHASE_STRIP = NO;
				DEBUG_INFORMATION_FORMAT = dwarf;
				ENABLE_STRICT_OBJC_MSGSEND = YES;
				ENABLE_TESTABILITY = YES;
				ENABLE_USER_SCRIPT_SANDBOXING = YES;
				GCC_C_LANGUAGE_STANDARD = gnu17;
				GCC_DYNAMIC_NO_PIC = NO;
				GCC_NO_COMMON_BLOCKS = YES;
				GCC_OPTIMIZATION_LEVEL = 0;
				GCC_PREPROCESSOR_DEFINITIONS = (
					"DEBUG=1",
					"$(inherited)",
				);
				GCC_WARN_64_TO_32_BIT_CONVERSION = YES;
				GCC_WARN_ABOUT_RETURN_TYPE = YES_ERROR;
				GCC_WARN_UNDECLARED_SELECTOR = YES;
				GCC_WARN_UNINITIALIZED_AUTOS = YES_AGGRESSIVE;
				GCC_WARN_UNUSED_FUNCTION = YES;
				GCC_WARN_UNUSED_VARIABLE = YES;
				LOCALIZATION_PREFERS_STRING_CATALOGS = YES;
				MACOSX_DEPLOYMENT_TARGET = 15.5;
				MTL_ENABLE_DEBUG_INFO = INCLUDE_SOURCE;
				MTL_FAST_MATH = YES;
				ONLY_ACTIVE_ARCH = YES;
				SDKROOT = macosx;
				SWIFT_ACTIVE_COMPILATION_CONDITIONS = "DEBUG $(inherited)";
				SWIFT_OPTIMIZATION_LEVEL = "-Onone";
			};
			name = Debug;
		};
		A4FB33AC2E50F1F000952D06 /* Release */ = {
			isa = XCBuildConfiguration;
			buildSettings = {
				ALWAYS_SEARCH_USER_PATHS = NO;
				ASSETCATALOG_COMPILER_GENERATE_SWIFT_ASSET_SYMBOL_EXTENSIONS = YES;
				CLANG_ANALYZER_NONNULL = YES;
				CLANG_ANALYZER_NUMBER_OBJECT_CONVERSION = YES_AGGRESSIVE;
				CLANG_CXX_LANGUAGE_STANDARD = "gnu++20";
				CLANG_ENABLE_MODULES = YES;
				CLANG_ENABLE_OBJC_ARC = YES;
				CLANG_ENABLE_OBJC_WEAK = YES;
				CLANG_WARN_BLOCK_CAPTURE_AUTORELEASING = YES;
				CLANG_WARN_BOOL_CONVERSION = YES;
				CLANG_WARN_COMMA = YES;
				CLANG_WARN_CONSTANT_CONVERSION = YES;
				CLANG_WARN_DEPRECATED_OBJC_IMPLEMENTATIONS = YES;
				CLANG_WARN_DIRECT_OBJC_ISA_USAGE = YES_ERROR;
				CLANG_WARN_DOCUMENTATION_COMMENTS = YES;
				CLANG_WARN_EMPTY_BODY = YES;
				CLANG_WARN_ENUM_CONVERSION = YES;
				CLANG_WARN_INFINITE_RECURSION = YES;
				CLANG_WARN_INT_CONVERSION = YES;
				CLANG_WARN_NON_LITERAL_NULL_CONVERSION = YES;
				CLANG_WARN_OBJC_IMPLICIT_RETAIN_SELF = YES;
				CLANG_WARN_OBJC_LITERAL_CONVERSION = YES;
				CLANG_WARN_OBJC_ROOT_CLASS = YES_ERROR;
				CLANG_WARN_QUOTED_INCLUDE_IN_FRAMEWORK_HEADER = YES;
				CLANG_WARN_RANGE_LOOP_ANALYSIS = YES;
				CLANG_WARN_STRICT_PROTOTYPES = YES;
				CLANG_WARN_SUSPICIOUS_MOVE = YES;
				CLANG_WARN_UNGUARDED_AVAILABILITY = YES_AGGRESSIVE;
				CLANG_WARN_UNREACHABLE_CODE = YES;
				CLANG_WARN__DUPLICATE_METHOD_MATCH = YES;
				COPY_PHASE_STRIP = NO;
				DEBUG_INFORMATION_FORMAT = "dwarf-with-dsym";
				ENABLE_NS_ASSERTIONS = NO;
				ENABLE_STRICT_OBJC_MSGSEND = YES;
				ENABLE_USER_SCRIPT_SANDBOXING = YES;
				GCC_C_LANGUAGE_STANDARD = gnu17;
				GCC_NO_COMMON_BLOCKS = YES;
				GCC_WARN_64_TO_32_BIT_CONVERSION = YES;
				GCC_WARN_ABOUT_RETURN_TYPE = YES_ERROR;
				GCC_WARN_UNDECLARED_SELECTOR = YES;
				GCC_WARN_UNINITIALIZED_AUTOS = YES_AGGRESSIVE;
				GCC_WARN_UNUSED_FUNCTION = YES;
				GCC_WARN_UNUSED_VARIABLE = YES;
				LOCALIZATION_PREFERS_STRING_CATALOGS = YES;
				MACOSX_DEPLOYMENT_TARGET = 15.5;
				MTL_ENABLE_DEBUG_INFO = NO;
				MTL_FAST_MATH = YES;
				SDKROOT = macosx;
				SWIFT_COMPILATION_MODE = wholemodule;
			};
			name = Release;
		};
		A4FB33AE2E50F1F000952D06 /* Debug */ = {
			isa = XCBuildConfiguration;
			buildSettings = {
				ASSETCATALOG_COMPILER_APPICON_NAME = AppIcon;
				ASSETCATALOG_COMPILER_GLOBAL_ACCENT_COLOR_NAME = AccentColor;
				ASSETCATALOG_COMPILER_INCLUDE_ALL_APPICON_ASSETS = YES;
				CODE_SIGN_ENTITLEMENTS = Abonementus/Abonementus.entitlements;
				CODE_SIGN_STYLE = Automatic;
				COMBINE_HIDPI_IMAGES = YES;
				CURRENT_PROJECT_VERSION = 2;
				ENABLE_PREVIEWS = YES;
				GENERATE_INFOPLIST_FILE = YES;
				INFOPLIST_KEY_CFBundleDisplayName = Abonementus;
				INFOPLIST_KEY_LSApplicationCategoryType = "public.app-category.productivity";
				INFOPLIST_KEY_NSHumanReadableCopyright = "";
				LD_RUNPATH_SEARCH_PATHS = (
					"$(inherited)",
					"@executable_path/../Frameworks",
				);
				MACOSX_DEPLOYMENT_TARGET = 15.0;
				MARKETING_VERSION = 1.0;
				PRODUCT_BUNDLE_IDENTIFIER = tevelevstudio.Abonementus;
				PRODUCT_NAME = "$(TARGET_NAME)";
				REGISTER_APP_GROUPS = YES;
				SWIFT_EMIT_LOC_STRINGS = YES;
				SWIFT_VERSION = 5.0;
			};
			name = Debug;
		};
		A4FB33AF2E50F1F000952D06 /* Release */ = {
			isa = XCBuildConfiguration;
			buildSettings = {
				ASSETCATALOG_COMPILER_APPICON_NAME = AppIcon;
				ASSETCATALOG_COMPILER_GLOBAL_ACCENT_COLOR_NAME = AccentColor;
				ASSETCATALOG_COMPILER_INCLUDE_ALL_APPICON_ASSETS = YES;
				CODE_SIGN_ENTITLEMENTS = Abonementus/Abonementus.entitlements;
				CODE_SIGN_STYLE = Automatic;
				COMBINE_HIDPI_IMAGES = YES;
				CURRENT_PROJECT_VERSION = 2;
				ENABLE_PREVIEWS = YES;
				GENERATE_INFOPLIST_FILE = YES;
				INFOPLIST_KEY_CFBundleDisplayName = Abonementus;
				INFOPLIST_KEY_LSApplicationCategoryType = "public.app-category.productivity";
				INFOPLIST_KEY_NSHumanReadableCopyright = "";
				LD_RUNPATH_SEARCH_PATHS = (
					"$(inherited)",
					"@executable_path/../Frameworks",
				);
				MACOSX_DEPLOYMENT_TARGET = 15.0;
				MARKETING_VERSION = 1.0;
				PRODUCT_BUNDLE_IDENTIFIER = tevelevstudio.Abonementus;
				PRODUCT_NAME = "$(TARGET_NAME)";
				REGISTER_APP_GROUPS = YES;
				SWIFT_EMIT_LOC_STRINGS = YES;
				SWIFT_VERSION = 5.0;
			};
			name = Release;
		};
		A4FB33B12E50F1F000952D06 /* Debug */ = {
			isa = XCBuildConfiguration;
			buildSettings = {
				BUNDLE_LOADER = "$(TEST_HOST)";
				CODE_SIGN_STYLE = Automatic;
				CURRENT_PROJECT_VERSION = 1;
				GENERATE_INFOPLIST_FILE = YES;
				MACOSX_DEPLOYMENT_TARGET = 15.5;
				MARKETING_VERSION = 1.0;
				PRODUCT_BUNDLE_IDENTIFIER = tevelevstudio.AbonementusTests;
				PRODUCT_NAME = "$(TARGET_NAME)";
				SWIFT_EMIT_LOC_STRINGS = NO;
				SWIFT_VERSION = 5.0;
				TEST_HOST = "$(BUILT_PRODUCTS_DIR)/Abonementus.app/$(BUNDLE_EXECUTABLE_FOLDER_PATH)/Abonementus";
			};
			name = Debug;
		};
		A4FB33B22E50F1F000952D06 /* Release */ = {
			isa = XCBuildConfiguration;
			buildSettings = {
				BUNDLE_LOADER = "$(TEST_HOST)";
				CODE_SIGN_STYLE = Automatic;
				CURRENT_PROJECT_VERSION = 1;
				GENERATE_INFOPLIST_FILE = YES;
				MACOSX_DEPLOYMENT_TARGET = 15.5;
				MARKETING_VERSION = 1.0;
				PRODUCT_BUNDLE_IDENTIFIER = tevelevstudio.AbonementusTests;
				PRODUCT_NAME = "$(TARGET_NAME)";
				SWIFT_EMIT_LOC_STRINGS = NO;
				SWIFT_VERSION = 5.0;
				TEST_HOST = "$(BUILT_PRODUCTS_DIR)/Abonementus.app/$(BUNDLE_EXECUTABLE_FOLDER_PATH)/Abonementus";
			};
			name = Release;
		};
		A4FB33B42E50F1F000952D06 /* Debug */ = {
			isa = XCBuildConfiguration;
			buildSettings = {
				CODE_SIGN_STYLE = Automatic;
				CURRENT_PROJECT_VERSION = 1;
				GENERATE_INFOPLIST_FILE = YES;
				MARKETING_VERSION = 1.0;
				PRODUCT_BUNDLE_IDENTIFIER = tevelevstudio.AbonementusUITests;
				PRODUCT_NAME = "$(TARGET_NAME)";
				SWIFT_EMIT_LOC_STRINGS = NO;
				SWIFT_VERSION = 5.0;
				TEST_TARGET_NAME = Abonementus;
			};
			name = Debug;
		};
		A4FB33B52E50F1F000952D06 /* Release */ = {
			isa = XCBuildConfiguration;
			buildSettings = {
				CODE_SIGN_STYLE = Automatic;
				CURRENT_PROJECT_VERSION = 1;
				GENERATE_INFOPLIST_FILE = YES;
				MARKETING_VERSION = 1.0;
				PRODUCT_BUNDLE_IDENTIFIER = tevelevstudio.AbonementusUITests;
				PRODUCT_NAME = "$(TARGET_NAME)";
				SWIFT_EMIT_LOC_STRINGS = NO;
				SWIFT_VERSION = 5.0;
				TEST_TARGET_NAME = Abonementus;
			};
			name = Release;
		};
/* End XCBuildConfiguration section */

/* Begin XCConfigurationList section */
		A4FB33862E50F1EF00952D06 /* Build configuration list for PBXProject "Abonementus" */ = {
			isa = XCConfigurationList;
			buildConfigurations = (
				A4FB33AB2E50F1F000952D06 /* Debug */,
				A4FB33AC2E50F1F000952D06 /* Release */,
			);
			defaultConfigurationIsVisible = 0;
			defaultConfigurationName = Release;
		};
		A4FB33AD2E50F1F000952D06 /* Build configuration list for PBXNativeTarget "Abonementus" */ = {
			isa = XCConfigurationList;
			buildConfigurations = (
				A4FB33AE2E50F1F000952D06 /* Debug */,
				A4FB33AF2E50F1F000952D06 /* Release */,
			);
			defaultConfigurationIsVisible = 0;
			defaultConfigurationName = Release;
		};
		A4FB33B02E50F1F000952D06 /* Build configuration list for PBXNativeTarget "AbonementusTests" */ = {
			isa = XCConfigurationList;
			buildConfigurations = (
				A4FB33B12E50F1F000952D06 /* Debug */,
				A4FB33B22E50F1F000952D06 /* Release */,
			);
			defaultConfigurationIsVisible = 0;
			defaultConfigurationName = Release;
		};
		A4FB33B32E50F1F000952D06 /* Build configuration list for PBXNativeTarget "AbonementusUITests" */ = {
			isa = XCConfigurationList;
			buildConfigurations = (
				A4FB33B42E50F1F000952D06 /* Debug */,
				A4FB33B52E50F1F000952D06 /* Release */,
			);
			defaultConfigurationIsVisible = 0;
			defaultConfigurationName = Release;
		};
/* End XCConfigurationList section */

/* Begin XCLocalSwiftPackageReference section */
		A4FB33F02E50F39000952D06 /* XCLocalSwiftPackageReference "../../Downloads/SQLite.swift-0.15.4" */ = {
			isa = XCLocalSwiftPackageReference;
			relativePath = "../../Downloads/SQLite.swift-0.15.4";
		};
/* End XCLocalSwiftPackageReference section */

/* Begin XCSwiftPackageProductDependency section */
		A4FB33F12E50F39000952D06 /* SQLite */ = {
			isa = XCSwiftPackageProductDependency;
			productName = SQLite;
		};
/* End XCSwiftPackageProductDependency section */
	};
	rootObject = A4FB33832E50F1EF00952D06 /* Project object */;
}
